
Microsoft Visual Studio Solution File, Format Version 12.00
# Visual Studio 15
VisualStudioVersion = 15.0.28307.168
MinimumVisualStudioVersion = 10.0.40219.1
Project("{9A19103F-16F7-4668-BE54-9A1E7A4F7556}") = "BackgroundServicePlugin", "src\BackgroundServicePlugin.csproj", "{9DF0BEB5-3B80-4F31-BCB7-5614434ADA36}"
EndProject
Project("{2150E333-8FDC-42A3-9474-1A3956D46DE8}") = "Solution Items", "Solution Items", "{EABD4A0A-C2DC-420C-871E-CEF2709934EA}"
	ProjectSection(SolutionItems) = preProject
		README.md = README.md
	EndProjectSection
EndProject
Global
	GlobalSection(SolutionConfigurationPlatforms) = preSolution
		Debug|Any CPU = Debug|Any CPU
		Release|Any CPU = Release|Any CPU
	EndGlobalSection
	GlobalSection(ProjectConfigurationPlatforms) = postSolution
		{9DF0BEB5-3B80-4F31-BCB7-5614434ADA36}.Debug|Any CPU.ActiveCfg = Debug|Any CPU
		{9DF0BEB5-3B80-4F31-BCB7-5614434ADA36}.Debug|Any CPU.Build.0 = Debug|Any CPU
		{9DF0BEB5-3B80-4F31-BCB7-5614434ADA36}.Release|Any CPU.ActiveCfg = Release|Any CPU
		{9DF0BEB5-3B80-4F31-BCB7-5614434ADA36}.Release|Any CPU.Build.0 = Release|Any CPU
	EndGlobalSection
	GlobalSection(SolutionProperties) = preSolution
		HideSolutionNode = FALSE
	EndGlobalSection
	GlobalSection(ExtensibilityGlobals) = postSolution
		SolutionGuid = {B2B625B3-1F92-42FC-80D6-FD6F6A333CAA}
	EndGlobalSection
EndGlobal
