
Microsoft Visual Studio Solution File, Format Version 12.00
# Visual Studio 15
VisualStudioVersion = 15.0.28307.168
MinimumVisualStudioVersion = 10.0.40219.1
Project("{9A19103F-16F7-4668-BE54-9A1E7A4F7556}") = "BackgroundServicePlugin", "src\BackgroundServicePlugin.csproj", "{9DF0BEB5-3B80-4F31-BCB7-5614434ADA36}"
EndProject
Project("{2150E333-8FDC-42A3-9474-1A3956D46DE8}") = "Solution Items", "Solution Items", "{EABD4A0A-C2DC-420C-871E-CEF2709934EA}"
	ProjectSection(SolutionItems) = preProject
		README.md = README.md
	EndProjectSection
EndProject
Project("{2150E333-8FDC-42A3-9474-1A3956D46DE8}") = "Samples", "Samples", "{DC4ED2B3-A619-48A1-B6E0-62163F467523}"
EndProject
Project("{2150E333-8FDC-42A3-9474-1A3956D46DE8}") = "Sources", "Sources", "{CE558B63-F3E2-4DAD-842B-B293FBB20238}"
EndProject
Project("{FAE04EC0-301F-11D3-BF4B-00C04F79EFBC}") = "PrismAppWithBackgroundService", "samples\PrismAppWithBackgroundService\PrismAppWithBackgroundService\PrismAppWithBackgroundService.csproj", "{0C5FCA83-539B-4262-8C5B-0771BA9FC40E}"
EndProject
Project("{FAE04EC0-301F-11D3-BF4B-00C04F79EFBC}") = "PrismAppWithBackgroundService.Android", "samples\PrismAppWithBackgroundService\PrismAppWithBackgroundService.Android\PrismAppWithBackgroundService.Android.csproj", "{B4578CAF-328F-4ACA-8EF1-E6B1FC369075}"
EndProject
Project("{FAE04EC0-301F-11D3-BF4B-00C04F79EFBC}") = "PrismAppWithBackgroundService.iOS", "samples\PrismAppWithBackgroundService\PrismAppWithBackgroundService.iOS\PrismAppWithBackgroundService.iOS.csproj", "{33E5B900-1C04-4489-9217-7B026E4D87D3}"
EndProject
Global
	GlobalSection(SolutionConfigurationPlatforms) = preSolution
		Ad-Hoc|Any CPU = Ad-Hoc|Any CPU
		Ad-Hoc|iPhone = Ad-Hoc|iPhone
		Ad-Hoc|iPhoneSimulator = Ad-Hoc|iPhoneSimulator
		AppStore|Any CPU = AppStore|Any CPU
		AppStore|iPhone = AppStore|iPhone
		AppStore|iPhoneSimulator = AppStore|iPhoneSimulator
		Debug|Any CPU = Debug|Any CPU
		Debug|iPhone = Debug|iPhone
		Debug|iPhoneSimulator = Debug|iPhoneSimulator
		Release|Any CPU = Release|Any CPU
		Release|iPhone = Release|iPhone
		Release|iPhoneSimulator = Release|iPhoneSimulator
	EndGlobalSection
	GlobalSection(ProjectConfigurationPlatforms) = postSolution
		{9DF0BEB5-3B80-4F31-BCB7-5614434ADA36}.Ad-Hoc|Any CPU.ActiveCfg = Release|Any CPU
		{9DF0BEB5-3B80-4F31-BCB7-5614434ADA36}.Ad-Hoc|Any CPU.Build.0 = Release|Any CPU
		{9DF0BEB5-3B80-4F31-BCB7-5614434ADA36}.Ad-Hoc|iPhone.ActiveCfg = Release|Any CPU
		{9DF0BEB5-3B80-4F31-BCB7-5614434ADA36}.Ad-Hoc|iPhone.Build.0 = Release|Any CPU
		{9DF0BEB5-3B80-4F31-BCB7-5614434ADA36}.Ad-Hoc|iPhoneSimulator.ActiveCfg = Release|Any CPU
		{9DF0BEB5-3B80-4F31-BCB7-5614434ADA36}.Ad-Hoc|iPhoneSimulator.Build.0 = Release|Any CPU
		{9DF0BEB5-3B80-4F31-BCB7-5614434ADA36}.AppStore|Any CPU.ActiveCfg = Release|Any CPU
		{9DF0BEB5-3B80-4F31-BCB7-5614434ADA36}.AppStore|Any CPU.Build.0 = Release|Any CPU
		{9DF0BEB5-3B80-4F31-BCB7-5614434ADA36}.AppStore|iPhone.ActiveCfg = Release|Any CPU
		{9DF0BEB5-3B80-4F31-BCB7-5614434ADA36}.AppStore|iPhone.Build.0 = Release|Any CPU
		{9DF0BEB5-3B80-4F31-BCB7-5614434ADA36}.AppStore|iPhoneSimulator.ActiveCfg = Release|Any CPU
		{9DF0BEB5-3B80-4F31-BCB7-5614434ADA36}.AppStore|iPhoneSimulator.Build.0 = Release|Any CPU
		{9DF0BEB5-3B80-4F31-BCB7-5614434ADA36}.Debug|Any CPU.ActiveCfg = Debug|Any CPU
		{9DF0BEB5-3B80-4F31-BCB7-5614434ADA36}.Debug|Any CPU.Build.0 = Debug|Any CPU
		{9DF0BEB5-3B80-4F31-BCB7-5614434ADA36}.Debug|iPhone.ActiveCfg = Debug|Any CPU
		{9DF0BEB5-3B80-4F31-BCB7-5614434ADA36}.Debug|iPhone.Build.0 = Debug|Any CPU
		{9DF0BEB5-3B80-4F31-BCB7-5614434ADA36}.Debug|iPhoneSimulator.ActiveCfg = Debug|Any CPU
		{9DF0BEB5-3B80-4F31-BCB7-5614434ADA36}.Debug|iPhoneSimulator.Build.0 = Debug|Any CPU
		{9DF0BEB5-3B80-4F31-BCB7-5614434ADA36}.Release|Any CPU.ActiveCfg = Release|Any CPU
		{9DF0BEB5-3B80-4F31-BCB7-5614434ADA36}.Release|Any CPU.Build.0 = Release|Any CPU
		{9DF0BEB5-3B80-4F31-BCB7-5614434ADA36}.Release|iPhone.ActiveCfg = Release|Any CPU
		{9DF0BEB5-3B80-4F31-BCB7-5614434ADA36}.Release|iPhone.Build.0 = Release|Any CPU
		{9DF0BEB5-3B80-4F31-BCB7-5614434ADA36}.Release|iPhoneSimulator.ActiveCfg = Release|Any CPU
		{9DF0BEB5-3B80-4F31-BCB7-5614434ADA36}.Release|iPhoneSimulator.Build.0 = Release|Any CPU
		{0C5FCA83-539B-4262-8C5B-0771BA9FC40E}.Ad-Hoc|Any CPU.ActiveCfg = Debug|Any CPU
		{0C5FCA83-539B-4262-8C5B-0771BA9FC40E}.Ad-Hoc|Any CPU.Build.0 = Debug|Any CPU
		{0C5FCA83-539B-4262-8C5B-0771BA9FC40E}.Ad-Hoc|iPhone.ActiveCfg = Debug|Any CPU
		{0C5FCA83-539B-4262-8C5B-0771BA9FC40E}.Ad-Hoc|iPhone.Build.0 = Debug|Any CPU
		{0C5FCA83-539B-4262-8C5B-0771BA9FC40E}.Ad-Hoc|iPhoneSimulator.ActiveCfg = Debug|Any CPU
		{0C5FCA83-539B-4262-8C5B-0771BA9FC40E}.Ad-Hoc|iPhoneSimulator.Build.0 = Debug|Any CPU
		{0C5FCA83-539B-4262-8C5B-0771BA9FC40E}.AppStore|Any CPU.ActiveCfg = Debug|Any CPU
		{0C5FCA83-539B-4262-8C5B-0771BA9FC40E}.AppStore|Any CPU.Build.0 = Debug|Any CPU
		{0C5FCA83-539B-4262-8C5B-0771BA9FC40E}.AppStore|iPhone.ActiveCfg = Debug|Any CPU
		{0C5FCA83-539B-4262-8C5B-0771BA9FC40E}.AppStore|iPhone.Build.0 = Debug|Any CPU
		{0C5FCA83-539B-4262-8C5B-0771BA9FC40E}.AppStore|iPhoneSimulator.ActiveCfg = Debug|Any CPU
		{0C5FCA83-539B-4262-8C5B-0771BA9FC40E}.AppStore|iPhoneSimulator.Build.0 = Debug|Any CPU
		{0C5FCA83-539B-4262-8C5B-0771BA9FC40E}.Debug|Any CPU.ActiveCfg = Debug|Any CPU
		{0C5FCA83-539B-4262-8C5B-0771BA9FC40E}.Debug|Any CPU.Build.0 = Debug|Any CPU
		{0C5FCA83-539B-4262-8C5B-0771BA9FC40E}.Debug|iPhone.ActiveCfg = Debug|Any CPU
		{0C5FCA83-539B-4262-8C5B-0771BA9FC40E}.Debug|iPhone.Build.0 = Debug|Any CPU
		{0C5FCA83-539B-4262-8C5B-0771BA9FC40E}.Debug|iPhoneSimulator.ActiveCfg = Debug|Any CPU
		{0C5FCA83-539B-4262-8C5B-0771BA9FC40E}.Debug|iPhoneSimulator.Build.0 = Debug|Any CPU
		{0C5FCA83-539B-4262-8C5B-0771BA9FC40E}.Release|Any CPU.ActiveCfg = Release|Any CPU
		{0C5FCA83-539B-4262-8C5B-0771BA9FC40E}.Release|Any CPU.Build.0 = Release|Any CPU
		{0C5FCA83-539B-4262-8C5B-0771BA9FC40E}.Release|iPhone.ActiveCfg = Release|Any CPU
		{0C5FCA83-539B-4262-8C5B-0771BA9FC40E}.Release|iPhone.Build.0 = Release|Any CPU
		{0C5FCA83-539B-4262-8C5B-0771BA9FC40E}.Release|iPhoneSimulator.ActiveCfg = Release|Any CPU
		{0C5FCA83-539B-4262-8C5B-0771BA9FC40E}.Release|iPhoneSimulator.Build.0 = Release|Any CPU
		{B4578CAF-328F-4ACA-8EF1-E6B1FC369075}.Ad-Hoc|Any CPU.ActiveCfg = Release|Any CPU
		{B4578CAF-328F-4ACA-8EF1-E6B1FC369075}.Ad-Hoc|Any CPU.Build.0 = Release|Any CPU
		{B4578CAF-328F-4ACA-8EF1-E6B1FC369075}.Ad-Hoc|Any CPU.Deploy.0 = Release|Any CPU
		{B4578CAF-328F-4ACA-8EF1-E6B1FC369075}.Ad-Hoc|iPhone.ActiveCfg = Release|Any CPU
		{B4578CAF-328F-4ACA-8EF1-E6B1FC369075}.Ad-Hoc|iPhone.Build.0 = Release|Any CPU
		{B4578CAF-328F-4ACA-8EF1-E6B1FC369075}.Ad-Hoc|iPhone.Deploy.0 = Release|Any CPU
		{B4578CAF-328F-4ACA-8EF1-E6B1FC369075}.Ad-Hoc|iPhoneSimulator.ActiveCfg = Release|Any CPU
		{B4578CAF-328F-4ACA-8EF1-E6B1FC369075}.Ad-Hoc|iPhoneSimulator.Build.0 = Release|Any CPU
		{B4578CAF-328F-4ACA-8EF1-E6B1FC369075}.Ad-Hoc|iPhoneSimulator.Deploy.0 = Release|Any CPU
		{B4578CAF-328F-4ACA-8EF1-E6B1FC369075}.AppStore|Any CPU.ActiveCfg = Release|Any CPU
		{B4578CAF-328F-4ACA-8EF1-E6B1FC369075}.AppStore|Any CPU.Build.0 = Release|Any CPU
		{B4578CAF-328F-4ACA-8EF1-E6B1FC369075}.AppStore|Any CPU.Deploy.0 = Release|Any CPU
		{B4578CAF-328F-4ACA-8EF1-E6B1FC369075}.AppStore|iPhone.ActiveCfg = Release|Any CPU
		{B4578CAF-328F-4ACA-8EF1-E6B1FC369075}.AppStore|iPhone.Build.0 = Release|Any CPU
		{B4578CAF-328F-4ACA-8EF1-E6B1FC369075}.AppStore|iPhone.Deploy.0 = Release|Any CPU
		{B4578CAF-328F-4ACA-8EF1-E6B1FC369075}.AppStore|iPhoneSimulator.ActiveCfg = Release|Any CPU
		{B4578CAF-328F-4ACA-8EF1-E6B1FC369075}.AppStore|iPhoneSimulator.Build.0 = Release|Any CPU
		{B4578CAF-328F-4ACA-8EF1-E6B1FC369075}.AppStore|iPhoneSimulator.Deploy.0 = Release|Any CPU
		{B4578CAF-328F-4ACA-8EF1-E6B1FC369075}.Debug|Any CPU.ActiveCfg = Debug|Any CPU
		{B4578CAF-328F-4ACA-8EF1-E6B1FC369075}.Debug|Any CPU.Build.0 = Debug|Any CPU
		{B4578CAF-328F-4ACA-8EF1-E6B1FC369075}.Debug|Any CPU.Deploy.0 = Debug|Any CPU
		{B4578CAF-328F-4ACA-8EF1-E6B1FC369075}.Debug|iPhone.ActiveCfg = Debug|Any CPU
		{B4578CAF-328F-4ACA-8EF1-E6B1FC369075}.Debug|iPhone.Build.0 = Debug|Any CPU
		{B4578CAF-328F-4ACA-8EF1-E6B1FC369075}.Debug|iPhone.Deploy.0 = Debug|Any CPU
		{B4578CAF-328F-4ACA-8EF1-E6B1FC369075}.Debug|iPhoneSimulator.ActiveCfg = Debug|Any CPU
		{B4578CAF-328F-4ACA-8EF1-E6B1FC369075}.Debug|iPhoneSimulator.Build.0 = Debug|Any CPU
		{B4578CAF-328F-4ACA-8EF1-E6B1FC369075}.Debug|iPhoneSimulator.Deploy.0 = Debug|Any CPU
		{B4578CAF-328F-4ACA-8EF1-E6B1FC369075}.Release|Any CPU.ActiveCfg = Release|Any CPU
		{B4578CAF-328F-4ACA-8EF1-E6B1FC369075}.Release|Any CPU.Build.0 = Release|Any CPU
		{B4578CAF-328F-4ACA-8EF1-E6B1FC369075}.Release|Any CPU.Deploy.0 = Release|Any CPU
		{B4578CAF-328F-4ACA-8EF1-E6B1FC369075}.Release|iPhone.ActiveCfg = Release|Any CPU
		{B4578CAF-328F-4ACA-8EF1-E6B1FC369075}.Release|iPhone.Build.0 = Release|Any CPU
		{B4578CAF-328F-4ACA-8EF1-E6B1FC369075}.Release|iPhone.Deploy.0 = Release|Any CPU
		{B4578CAF-328F-4ACA-8EF1-E6B1FC369075}.Release|iPhoneSimulator.ActiveCfg = Release|Any CPU
		{B4578CAF-328F-4ACA-8EF1-E6B1FC369075}.Release|iPhoneSimulator.Build.0 = Release|Any CPU
		{B4578CAF-328F-4ACA-8EF1-E6B1FC369075}.Release|iPhoneSimulator.Deploy.0 = Release|Any CPU
		{33E5B900-1C04-4489-9217-7B026E4D87D3}.Ad-Hoc|Any CPU.ActiveCfg = Ad-Hoc|iPhone
		{33E5B900-1C04-4489-9217-7B026E4D87D3}.Ad-Hoc|iPhone.ActiveCfg = Ad-Hoc|iPhone
		{33E5B900-1C04-4489-9217-7B026E4D87D3}.Ad-Hoc|iPhone.Build.0 = Ad-Hoc|iPhone
		{33E5B900-1C04-4489-9217-7B026E4D87D3}.Ad-Hoc|iPhoneSimulator.ActiveCfg = Ad-Hoc|iPhoneSimulator
		{33E5B900-1C04-4489-9217-7B026E4D87D3}.Ad-Hoc|iPhoneSimulator.Build.0 = Ad-Hoc|iPhoneSimulator
		{33E5B900-1C04-4489-9217-7B026E4D87D3}.AppStore|Any CPU.ActiveCfg = AppStore|iPhone
		{33E5B900-1C04-4489-9217-7B026E4D87D3}.AppStore|iPhone.ActiveCfg = AppStore|iPhone
		{33E5B900-1C04-4489-9217-7B026E4D87D3}.AppStore|iPhone.Build.0 = AppStore|iPhone
		{33E5B900-1C04-4489-9217-7B026E4D87D3}.AppStore|iPhoneSimulator.ActiveCfg = AppStore|iPhoneSimulator
		{33E5B900-1C04-4489-9217-7B026E4D87D3}.AppStore|iPhoneSimulator.Build.0 = AppStore|iPhoneSimulator
		{33E5B900-1C04-4489-9217-7B026E4D87D3}.Debug|Any CPU.ActiveCfg = Debug|iPhone
		{33E5B900-1C04-4489-9217-7B026E4D87D3}.Debug|iPhone.ActiveCfg = Debug|iPhone
		{33E5B900-1C04-4489-9217-7B026E4D87D3}.Debug|iPhone.Build.0 = Debug|iPhone
		{33E5B900-1C04-4489-9217-7B026E4D87D3}.Debug|iPhoneSimulator.ActiveCfg = Debug|iPhoneSimulator
		{33E5B900-1C04-4489-9217-7B026E4D87D3}.Debug|iPhoneSimulator.Build.0 = Debug|iPhoneSimulator
		{33E5B900-1C04-4489-9217-7B026E4D87D3}.Release|Any CPU.ActiveCfg = Release|iPhone
		{33E5B900-1C04-4489-9217-7B026E4D87D3}.Release|iPhone.ActiveCfg = Release|iPhone
		{33E5B900-1C04-4489-9217-7B026E4D87D3}.Release|iPhone.Build.0 = Release|iPhone
		{33E5B900-1C04-4489-9217-7B026E4D87D3}.Release|iPhoneSimulator.ActiveCfg = Release|iPhoneSimulator
		{33E5B900-1C04-4489-9217-7B026E4D87D3}.Release|iPhoneSimulator.Build.0 = Release|iPhoneSimulator
	EndGlobalSection
	GlobalSection(SolutionProperties) = preSolution
		HideSolutionNode = FALSE
	EndGlobalSection
	GlobalSection(NestedProjects) = preSolution
		{9DF0BEB5-3B80-4F31-BCB7-5614434ADA36} = {CE558B63-F3E2-4DAD-842B-B293FBB20238}
		{0C5FCA83-539B-4262-8C5B-0771BA9FC40E} = {DC4ED2B3-A619-48A1-B6E0-62163F467523}
		{B4578CAF-328F-4ACA-8EF1-E6B1FC369075} = {DC4ED2B3-A619-48A1-B6E0-62163F467523}
		{33E5B900-1C04-4489-9217-7B026E4D87D3} = {DC4ED2B3-A619-48A1-B6E0-62163F467523}
	EndGlobalSection
	GlobalSection(ExtensibilityGlobals) = postSolution
		SolutionGuid = {B2B625B3-1F92-42FC-80D6-FD6F6A333CAA}
	EndGlobalSection
EndGlobal
